
Microsoft Visual Studio Solution File, Format Version 12.00
# Visual Studio 15
VisualStudioVersion = 15.0.27703.2047
MinimumVisualStudioVersion = 10.0.40219.1
Project("{FAE04EC0-301F-11D3-BF4B-00C04F79EFBC}") = "ResponsivePatterns", "ResponsivePatterns\ResponsivePatterns.csproj", "{3DA731B2-322D-41A5-838B-C581C06DD378}"
EndProject
Global
	GlobalSection(SolutionConfigurationPlatforms) = preSolution
		Debug|Any CPU = Debug|Any CPU
		Release|Any CPU = Release|Any CPU
	EndGlobalSection
	GlobalSection(ProjectConfigurationPlatforms) = postSolution
		{3DA731B2-322D-41A5-838B-C581C06DD378}.Debug|Any CPU.ActiveCfg = Debug|Any CPU
		{3DA731B2-322D-41A5-838B-C581C06DD378}.Debug|Any CPU.Build.0 = Debug|Any CPU
		{3DA731B2-322D-41A5-838B-C581C06DD378}.Release|Any CPU.ActiveCfg = Release|Any CPU
		{3DA731B2-322D-41A5-838B-C581C06DD378}.Release|Any CPU.Build.0 = Release|Any CPU
	EndGlobalSection
	GlobalSection(SolutionProperties) = preSolution
		HideSolutionNode = FALSE
	EndGlobalSection
	GlobalSection(ExtensibilityGlobals) = postSolution
		SolutionGuid = {1688EF53-7DD3-4D8C-844A-6FDE222E4F9A}
	EndGlobalSection
EndGlobal
